
Microsoft Visual Studio Solution File, Format Version 12.00
# Visual Studio 2012
Project("{FAE04EC0-301F-11D3-BF4B-00C04F79EFBC}") = "AsimovDeploy.WinAgent", "src\AsimovDeploy.WinAgent\AsimovDeploy.WinAgent.csproj", "{FED92498-E135-4CF0-8B37-AC9618C1D02A}"
EndProject
Project("{FAE04EC0-301F-11D3-BF4B-00C04F79EFBC}") = "AsimovDeploy.WinAgent.Tests", "src\AsimovDeploy.WinAgent.Tests\AsimovDeploy.WinAgent.Tests.csproj", "{17D154D9-D3E6-4624-9E88-479BA7C7FCD4}"
EndProject
Project("{FAE04EC0-301F-11D3-BF4B-00C04F79EFBC}") = "AsimovDeploy.WinAgentUpdater", "src\AsimovDeploy.WinAgentUpdater\AsimovDeploy.WinAgentUpdater.csproj", "{730728D1-1B64-4B76-AB01-0B378C3992D8}"
EndProject
Project("{FAE04EC0-301F-11D3-BF4B-00C04F79EFBC}") = "AsimovDeploy.WinAgent.IntegrationTests", "src\AsimovDeploy.WinAgent.IntegrationTests\AsimovDeploy.WinAgent.IntegrationTests.csproj", "{636DBA22-EFAD-4154-891A-0D0C138EC676}"
EndProject
Global
	GlobalSection(SolutionConfigurationPlatforms) = preSolution
		Debug|Any CPU = Debug|Any CPU
		Debug|Mixed Platforms = Debug|Mixed Platforms
		Debug|x86 = Debug|x86
		Release|Any CPU = Release|Any CPU
		Release|Mixed Platforms = Release|Mixed Platforms
		Release|x86 = Release|x86
	EndGlobalSection
	GlobalSection(ProjectConfigurationPlatforms) = postSolution
		{FED92498-E135-4CF0-8B37-AC9618C1D02A}.Debug|Any CPU.ActiveCfg = Debug|x86
		{FED92498-E135-4CF0-8B37-AC9618C1D02A}.Debug|Mixed Platforms.ActiveCfg = Debug|x86
		{FED92498-E135-4CF0-8B37-AC9618C1D02A}.Debug|Mixed Platforms.Build.0 = Debug|x86
		{FED92498-E135-4CF0-8B37-AC9618C1D02A}.Debug|x86.ActiveCfg = Debug|x86
		{FED92498-E135-4CF0-8B37-AC9618C1D02A}.Debug|x86.Build.0 = Debug|x86
		{FED92498-E135-4CF0-8B37-AC9618C1D02A}.Release|Any CPU.ActiveCfg = Release|x86
		{FED92498-E135-4CF0-8B37-AC9618C1D02A}.Release|Mixed Platforms.ActiveCfg = Release|x86
		{FED92498-E135-4CF0-8B37-AC9618C1D02A}.Release|Mixed Platforms.Build.0 = Release|x86
		{FED92498-E135-4CF0-8B37-AC9618C1D02A}.Release|x86.ActiveCfg = Release|x86
		{FED92498-E135-4CF0-8B37-AC9618C1D02A}.Release|x86.Build.0 = Release|x86
		{17D154D9-D3E6-4624-9E88-479BA7C7FCD4}.Debug|Any CPU.ActiveCfg = Debug|Any CPU
		{17D154D9-D3E6-4624-9E88-479BA7C7FCD4}.Debug|Any CPU.Build.0 = Debug|Any CPU
		{17D154D9-D3E6-4624-9E88-479BA7C7FCD4}.Debug|Mixed Platforms.ActiveCfg = Debug|Any CPU
		{17D154D9-D3E6-4624-9E88-479BA7C7FCD4}.Debug|Mixed Platforms.Build.0 = Debug|Any CPU
		{17D154D9-D3E6-4624-9E88-479BA7C7FCD4}.Debug|x86.ActiveCfg = Debug|Any CPU
		{17D154D9-D3E6-4624-9E88-479BA7C7FCD4}.Release|Any CPU.ActiveCfg = Release|Any CPU
		{17D154D9-D3E6-4624-9E88-479BA7C7FCD4}.Release|Any CPU.Build.0 = Release|Any CPU
		{17D154D9-D3E6-4624-9E88-479BA7C7FCD4}.Release|Mixed Platforms.ActiveCfg = Release|Any CPU
		{17D154D9-D3E6-4624-9E88-479BA7C7FCD4}.Release|Mixed Platforms.Build.0 = Release|Any CPU
		{17D154D9-D3E6-4624-9E88-479BA7C7FCD4}.Release|x86.ActiveCfg = Release|Any CPU
		{730728D1-1B64-4B76-AB01-0B378C3992D8}.Debug|Any CPU.ActiveCfg = Debug|x86
		{730728D1-1B64-4B76-AB01-0B378C3992D8}.Debug|Mixed Platforms.ActiveCfg = Debug|x86
		{730728D1-1B64-4B76-AB01-0B378C3992D8}.Debug|Mixed Platforms.Build.0 = Debug|x86
		{730728D1-1B64-4B76-AB01-0B378C3992D8}.Debug|x86.ActiveCfg = Debug|x86
		{730728D1-1B64-4B76-AB01-0B378C3992D8}.Debug|x86.Build.0 = Debug|x86
		{730728D1-1B64-4B76-AB01-0B378C3992D8}.Release|Any CPU.ActiveCfg = Release|x86
		{730728D1-1B64-4B76-AB01-0B378C3992D8}.Release|Mixed Platforms.ActiveCfg = Release|x86
		{730728D1-1B64-4B76-AB01-0B378C3992D8}.Release|Mixed Platforms.Build.0 = Release|x86
		{730728D1-1B64-4B76-AB01-0B378C3992D8}.Release|x86.ActiveCfg = Release|x86
		{730728D1-1B64-4B76-AB01-0B378C3992D8}.Release|x86.Build.0 = Release|x86
		{636DBA22-EFAD-4154-891A-0D0C138EC676}.Debug|Any CPU.ActiveCfg = Debug|Any CPU
		{636DBA22-EFAD-4154-891A-0D0C138EC676}.Debug|Any CPU.Build.0 = Debug|Any CPU
		{636DBA22-EFAD-4154-891A-0D0C138EC676}.Debug|Mixed Platforms.ActiveCfg = Debug|Any CPU
		{636DBA22-EFAD-4154-891A-0D0C138EC676}.Debug|Mixed Platforms.Build.0 = Debug|Any CPU
		{636DBA22-EFAD-4154-891A-0D0C138EC676}.Debug|x86.ActiveCfg = Debug|Any CPU
		{636DBA22-EFAD-4154-891A-0D0C138EC676}.Release|Any CPU.ActiveCfg = Release|Any CPU
		{636DBA22-EFAD-4154-891A-0D0C138EC676}.Release|Any CPU.Build.0 = Release|Any CPU
		{636DBA22-EFAD-4154-891A-0D0C138EC676}.Release|Mixed Platforms.ActiveCfg = Release|Any CPU
		{636DBA22-EFAD-4154-891A-0D0C138EC676}.Release|x86.ActiveCfg = Release|Any CPU
	EndGlobalSection
	GlobalSection(SolutionProperties) = preSolution
		HideSolutionNode = FALSE
	EndGlobalSection
EndGlobal
